// !$*UTF8*$!
{
	archiveVersion = 1;
	classes = {
	};
	objectVersion = 46;
	objects = {

/* Begin PBXBuildFile section */
		533A17331F22781000594D19 /* spMaster.swift in Sources */ = {isa = PBXBuildFile; fileRef = 533A17321F22781000594D19 /* spMaster.swift */; };
		53438E0D1F147DF500E20D02 /* AppDelegate.swift in Sources */ = {isa = PBXBuildFile; fileRef = 53438E0C1F147DF500E20D02 /* AppDelegate.swift */; };
		53438E0F1F147DF500E20D02 /* ViewController.swift in Sources */ = {isa = PBXBuildFile; fileRef = 53438E0E1F147DF500E20D02 /* ViewController.swift */; };
		53438E121F147DF500E20D02 /* Main.storyboard in Resources */ = {isa = PBXBuildFile; fileRef = 53438E101F147DF500E20D02 /* Main.storyboard */; };
		53438E141F147DF500E20D02 /* Assets.xcassets in Resources */ = {isa = PBXBuildFile; fileRef = 53438E131F147DF500E20D02 /* Assets.xcassets */; };
		53438E171F147DF500E20D02 /* LaunchScreen.storyboard in Resources */ = {isa = PBXBuildFile; fileRef = 53438E151F147DF500E20D02 /* LaunchScreen.storyboard */; };
		53438E1F1F147E7E00E20D02 /* faceView.swift in Sources */ = {isa = PBXBuildFile; fileRef = 53438E1E1F147E7D00E20D02 /* faceView.swift */; };
		53E318A51F19777F00013530 /* faceitModel.swift in Sources */ = {isa = PBXBuildFile; fileRef = 53E318A41F19777F00013530 /* faceitModel.swift */; };
/* End PBXBuildFile section */

/* Begin PBXFileReference section */
		533A17321F22781000594D19 /* spMaster.swift */ = {isa = PBXFileReference; fileEncoding = 4; lastKnownFileType = sourcecode.swift; path = spMaster.swift; sourceTree = "<group>"; };
		53438E091F147DF500E20D02 /* faceit.app */ = {isa = PBXFileReference; explicitFileType = wrapper.application; includeInIndex = 0; path = faceit.app; sourceTree = BUILT_PRODUCTS_DIR; };
		53438E0C1F147DF500E20D02 /* AppDelegate.swift */ = {isa = PBXFileReference; lastKnownFileType = sourcecode.swift; path = AppDelegate.swift; sourceTree = "<group>"; };
		53438E0E1F147DF500E20D02 /* ViewController.swift */ = {isa = PBXFileReference; lastKnownFileType = sourcecode.swift; path = ViewController.swift; sourceTree = "<group>"; };
		53438E111F147DF500E20D02 /* Base */ = {isa = PBXFileReference; lastKnownFileType = file.storyboard; name = Base; path = Base.lproj/Main.storyboard; sourceTree = "<group>"; };
		53438E131F147DF500E20D02 /* Assets.xcassets */ = {isa = PBXFileReference; lastKnownFileType = folder.assetcatalog; path = Assets.xcassets; sourceTree = "<group>"; };
		53438E161F147DF500E20D02 /* Base */ = {isa = PBXFileReference; lastKnownFileType = file.storyboard; name = Base; path = Base.lproj/LaunchScreen.storyboard; sourceTree = "<group>"; };
		53438E181F147DF500E20D02 /* Info.plist */ = {isa = PBXFileReference; lastKnownFileType = text.plist.xml; path = Info.plist; sourceTree = "<group>"; };
		53438E1E1F147E7D00E20D02 /* faceView.swift */ = {isa = PBXFileReference; fileEncoding = 4; lastKnownFileType = sourcecode.swift; path = faceView.swift; sourceTree = "<group>"; };
		53E318A41F19777F00013530 /* faceitModel.swift */ = {isa = PBXFileReference; fileEncoding = 4; lastKnownFileType = sourcecode.swift; path = faceitModel.swift; sourceTree = "<group>"; };
/* End PBXFileReference section */

/* Begin PBXFrameworksBuildPhase section */
		53438E061F147DF500E20D02 /* Frameworks */ = {
			isa = PBXFrameworksBuildPhase;
			buildActionMask = 2147483647;
			files = (
			);
			runOnlyForDeploymentPostprocessing = 0;
		};
/* End PBXFrameworksBuildPhase section */

/* Begin PBXGroup section */
		53438E001F147DF500E20D02 = {
			isa = PBXGroup;
			children = (
				53438E0B1F147DF500E20D02 /* faceit */,
				53438E0A1F147DF500E20D02 /* Products */,
			);
			sourceTree = "<group>";
		};
		53438E0A1F147DF500E20D02 /* Products */ = {
			isa = PBXGroup;
			children = (
				53438E091F147DF500E20D02 /* faceit.app */,
			);
			name = Products;
			sourceTree = "<group>";
		};
		53438E0B1F147DF500E20D02 /* faceit */ = {
			isa = PBXGroup;
			children = (
				53438E0C1F147DF500E20D02 /* AppDelegate.swift */,
				53438E0E1F147DF500E20D02 /* ViewController.swift */,
				53438E101F147DF500E20D02 /* Main.storyboard */,
				53438E131F147DF500E20D02 /* Assets.xcassets */,
				53438E151F147DF500E20D02 /* LaunchScreen.storyboard */,
				53438E181F147DF500E20D02 /* Info.plist */,
				53438E1E1F147E7D00E20D02 /* faceView.swift */,
				53E318A41F19777F00013530 /* faceitModel.swift */,
				533A17321F22781000594D19 /* spMaster.swift */,
			);
			path = faceit;
			sourceTree = "<group>";
		};
/* End PBXGroup section */

/* Begin PBXNativeTarget section */
		53438E081F147DF500E20D02 /* faceit */ = {
			isa = PBXNativeTarget;
			buildConfigurationList = 53438E1B1F147DF500E20D02 /* Build configuration list for PBXNativeTarget "faceit" */;
			buildPhases = (
				53438E051F147DF500E20D02 /* Sources */,
				53438E061F147DF500E20D02 /* Frameworks */,
				53438E071F147DF500E20D02 /* Resources */,
			);
			buildRules = (
			);
			dependencies = (
			);
			name = faceit;
			productName = faceit;
			productReference = 53438E091F147DF500E20D02 /* faceit.app */;
			productType = "com.apple.product-type.application";
		};
/* End PBXNativeTarget section */

/* Begin PBXProject section */
		53438E011F147DF500E20D02 /* Project object */ = {
			isa = PBXProject;
			attributes = {
				LastSwiftUpdateCheck = 0830;
				LastUpgradeCheck = 0830;
				ORGANIZATIONNAME = "Mohan Madhavan";
				TargetAttributes = {
					53438E081F147DF500E20D02 = {
						CreatedOnToolsVersion = 8.3.3;
						DevelopmentTeam = 2J2L726TH7;
						ProvisioningStyle = Automatic;
					};
				};
			};
			buildConfigurationList = 53438E041F147DF500E20D02 /* Build configuration list for PBXProject "faceit" */;
			compatibilityVersion = "Xcode 3.2";
			developmentRegion = English;
			hasScannedForEncodings = 0;
			knownRegions = (
				en,
				Base,
			);
			mainGroup = 53438E001F147DF500E20D02;
			productRefGroup = 53438E0A1F147DF500E20D02 /* Products */;
			projectDirPath = "";
			projectRoot = "";
			targets = (
				53438E081F147DF500E20D02 /* faceit */,
			);
		};
/* End PBXProject section */

/* Begin PBXResourcesBuildPhase section */
		53438E071F147DF500E20D02 /* Resources */ = {
			isa = PBXResourcesBuildPhase;
			buildActionMask = 2147483647;
			files = (
				53438E171F147DF500E20D02 /* LaunchScreen.storyboard in Resources */,
				53438E141F147DF500E20D02 /* Assets.xcassets in Resources */,
				53438E121F147DF500E20D02 /* Main.storyboard in Resources */,
			);
			runOnlyForDeploymentPostprocessing = 0;
		};
/* End PBXResourcesBuildPhase section */

/* Begin PBXSourcesBuildPhase section */
		53438E051F147DF500E20D02 /* Sources */ = {
			isa = PBXSourcesBuildPhase;
			buildActionMask = 2147483647;
			files = (
				53438E0F1F147DF500E20D02 /* ViewController.swift in Sources */,
				53E318A51F19777F00013530 /* faceitModel.swift in Sources */,
				533A17331F22781000594D19 /* spMaster.swift in Sources */,
				53438E1F1F147E7E00E20D02 /* faceView.swift in Sources */,
				53438E0D1F147DF500E20D02 /* AppDelegate.swift in Sources */,
			);
			runOnlyForDeploymentPostprocessing = 0;
		};
/* End PBXSourcesBuildPhase section */

/* Begin PBXVariantGroup section */
		53438E101F147DF500E20D02 /* Main.storyboard */ = {
			isa = PBXVariantGroup;
			children = (
				53438E111F147DF500E20D02 /* Base */,
			);
			name = Main.storyboard;
			sourceTree = "<group>";
		};
		53438E151F147DF500E20D02 /* LaunchScreen.storyboard */ = {
			isa = PBXVariantGroup;
			children = (
				53438E161F147DF500E20D02 /* Base */,
			);
			name = LaunchScreen.storyboard;
			sourceTree = "<group>";
		};
/* End PBXVariantGroup section */

/* Begin XCBuildConfiguration section */
		53438E191F147DF500E20D02 /* Debug */ = {
			isa = XCBuildConfiguration;
			buildSettings = {
				ALWAYS_SEARCH_USER_PATHS = NO;
				CLANG_ANALYZER_NONNULL = YES;
				CLANG_ANALYZER_NUMBER_OBJECT_CONVERSION = YES_AGGRESSIVE;
				CLANG_CXX_LANGUAGE_STANDARD = "gnu++0x";
				CLANG_CXX_LIBRARY = "libc++";
				CLANG_ENABLE_MODULES = YES;
				CLANG_ENABLE_OBJC_ARC = YES;
				CLANG_WARN_BOOL_CONVERSION = YES;
				CLANG_WARN_CONSTANT_CONVERSION = YES;
				CLANG_WARN_DIRECT_OBJC_ISA_USAGE = YES_ERROR;
				CLANG_WARN_DOCUMENTATION_COMMENTS = YES;
				CLANG_WARN_EMPTY_BODY = YES;
				CLANG_WARN_ENUM_CONVERSION = YES;
				CLANG_WARN_INFINITE_RECURSION = YES;
				CLANG_WARN_INT_CONVERSION = YES;
				CLANG_WARN_OBJC_ROOT_CLASS = YES_ERROR;
				CLANG_WARN_SUSPICIOUS_MOVE = YES;
				CLANG_WARN_UNREACHABLE_CODE = YES;
				CLANG_WARN__DUPLICATE_METHOD_MATCH = YES;
				"CODE_SIGN_IDENTITY[sdk=iphoneos*]" = "iPhone Developer";
				COPY_PHASE_STRIP = NO;
				DEBUG_INFORMATION_FORMAT = dwarf;
				ENABLE_STRICT_OBJC_MSGSEND = YES;
				ENABLE_TESTABILITY = YES;
				GCC_C_LANGUAGE_STANDARD = gnu99;
				GCC_DYNAMIC_NO_PIC = NO;
				GCC_NO_COMMON_BLOCKS = YES;
				GCC_OPTIMIZATION_LEVEL = 0;
				GCC_PREPROCESSOR_DEFINITIONS = (
					"DEBUG=1",
					"$(inherited)",
				);
				GCC_WARN_64_TO_32_BIT_CONVERSION = YES;
				GCC_WARN_ABOUT_RETURN_TYPE = YES_ERROR;
				GCC_WARN_UNDECLARED_SELECTOR = YES;
				GCC_WARN_UNINITIALIZED_AUTOS = YES_AGGRESSIVE;
				GCC_WARN_UNUSED_FUNCTION = YES;
				GCC_WARN_UNUSED_VARIABLE = YES;
				IPHONEOS_DEPLOYMENT_TARGET = 10.3;
				MTL_ENABLE_DEBUG_INFO = YES;
				ONLY_ACTIVE_ARCH = YES;
				SDKROOT = iphoneos;
				SWIFT_ACTIVE_COMPILATION_CONDITIONS = DEBUG;
				SWIFT_OPTIMIZATION_LEVEL = "-Onone";
			};
			name = Debug;
		};
		53438E1A1F147DF500E20D02 /* Release */ = {
			isa = XCBuildConfiguration;
			buildSettings = {
				ALWAYS_SEARCH_USER_PATHS = NO;
				CLANG_ANALYZER_NONNULL = YES;
				CLANG_ANALYZER_NUMBER_OBJECT_CONVERSION = YES_AGGRESSIVE;
				CLANG_CXX_LANGUAGE_STANDARD = "gnu++0x";
				CLANG_CXX_LIBRARY = "libc++";
				CLANG_ENABLE_MODULES = YES;
				CLANG_ENABLE_OBJC_ARC = YES;
				CLANG_WARN_BOOL_CONVERSION = YES;
				CLANG_WARN_CONSTANT_CONVERSION = YES;
				CLANG_WARN_DIRECT_OBJC_ISA_USAGE = YES_ERROR;
				CLANG_WARN_DOCUMENTATION_COMMENTS = YES;
				CLANG_WARN_EMPTY_BODY = YES;
				CLANG_WARN_ENUM_CONVERSION = YES;
				CLANG_WARN_INFINITE_RECURSION = YES;
				CLANG_WARN_INT_CONVERSION = YES;
				CLANG_WARN_OBJC_ROOT_CLASS = YES_ERROR;
				CLANG_WARN_SUSPICIOUS_MOVE = YES;
				CLANG_WARN_UNREACHABLE_CODE = YES;
				CLANG_WARN__DUPLICATE_METHOD_MATCH = YES;
				"CODE_SIGN_IDENTITY[sdk=iphoneos*]" = "iPhone Developer";
				COPY_PHASE_STRIP = NO;
				DEBUG_INFORMATION_FORMAT = "dwarf-with-dsym";
				ENABLE_NS_ASSERTIONS = NO;
				ENABLE_STRICT_OBJC_MSGSEND = YES;
				GCC_C_LANGUAGE_STANDARD = gnu99;
				GCC_NO_COMMON_BLOCKS = YES;
				GCC_WARN_64_TO_32_BIT_CONVERSION = YES;
				GCC_WARN_ABOUT_RETURN_TYPE = YES_ERROR;
				GCC_WARN_UNDECLARED_SELECTOR = YES;
				GCC_WARN_UNINITIALIZED_AUTOS = YES_AGGRESSIVE;
				GCC_WARN_UNUSED_FUNCTION = YES;
				GCC_WARN_UNUSED_VARIABLE = YES;
				IPHONEOS_DEPLOYMENT_TARGET = 10.3;
				MTL_ENABLE_DEBUG_INFO = NO;
				SDKROOT = iphoneos;
				SWIFT_OPTIMIZATION_LEVEL = "-Owholemodule";
				VALIDATE_PRODUCT = YES;
			};
			name = Release;
		};
		53438E1C1F147DF500E20D02 /* Debug */ = {
			isa = XCBuildConfiguration;
			buildSettings = {
				ASSETCATALOG_COMPILER_APPICON_NAME = AppIcon;
				DEVELOPMENT_TEAM = 2J2L726TH7;
				INFOPLIST_FILE = faceit/Info.plist;
				LD_RUNPATH_SEARCH_PATHS = "$(inherited) @executable_path/Frameworks";
				PRODUCT_BUNDLE_IDENTIFIER = "mmadhava-hawk.iit.edu.faceit";
				PRODUCT_NAME = "$(TARGET_NAME)";
				SWIFT_VERSION = 3.0;
			};
			name = Debug;
		};
		53438E1D1F147DF500E20D02 /* Release */ = {
			isa = XCBuildConfiguration;
			buildSettings = {
				ASSETCATALOG_COMPILER_APPICON_NAME = AppIcon;
				DEVELOPMENT_TEAM = 2J2L726TH7;
				INFOPLIST_FILE = faceit/Info.plist;
				LD_RUNPATH_SEARCH_PATHS = "$(inherited) @executable_path/Frameworks";
				PRODUCT_BUNDLE_IDENTIFIER = "mmadhava-hawk.iit.edu.faceit";
				PRODUCT_NAME = "$(TARGET_NAME)";
				SWIFT_VERSION = 3.0;
			};
			name = Release;
		};
/* End XCBuildConfiguration section */

/* Begin XCConfigurationList section */
		53438E041F147DF500E20D02 /* Build configuration list for PBXProject "faceit" */ = {
			isa = XCConfigurationList;
			buildConfigurations = (
				53438E191F147DF500E20D02 /* Debug */,
				53438E1A1F147DF500E20D02 /* Release */,
			);
			defaultConfigurationIsVisible = 0;
			defaultConfigurationName = Release;
		};
		53438E1B1F147DF500E20D02 /* Build configuration list for PBXNativeTarget "faceit" */ = {
			isa = XCConfigurationList;
			buildConfigurations = (
				53438E1C1F147DF500E20D02 /* Debug */,
				53438E1D1F147DF500E20D02 /* Release */,
			);
			defaultConfigurationIsVisible = 0;
			defaultConfigurationName = Release;
		};
/* End XCConfigurationList section */
	};
	rootObject = 53438E011F147DF500E20D02 /* Project object */;
}
